Microsoft Visual Studio Solution File, Format Version 12.00
# Visual Studio Version 17
VisualStudioVersion = 17.5.2.0
MinimumVisualStudioVersion = 10.0.40219.1
Project("{FAE04EC0-301F-11D3-BF4B-00C04F79EFBC}") = "ProveSingelton", "ProveSingelton.csproj", "{C1CDC7DC-C8AE-2280-13EE-9A859C7C8ADE}"
EndProject
Global
	GlobalSection(SolutionConfigurationPlatforms) = preSolution
		Debug|Any CPU = Debug|Any CPU
		Release|Any CPU = Release|Any CPU
	EndGlobalSection
	GlobalSection(ProjectConfigurationPlatforms) = postSolution
		{C1CDC7DC-C8AE-2280-13EE-9A859C7C8ADE}.Debug|Any CPU.ActiveCfg = Debug|Any CPU
		{C1CDC7DC-C8AE-2280-13EE-9A859C7C8ADE}.Debug|Any CPU.Build.0 = Debug|Any CPU
		{C1CDC7DC-C8AE-2280-13EE-9A859C7C8ADE}.Release|Any CPU.ActiveCfg = Release|Any CPU
		{C1CDC7DC-C8AE-2280-13EE-9A859C7C8ADE}.Release|Any CPU.Build.0 = Release|Any CPU
	EndGlobalSection
	GlobalSection(SolutionProperties) = preSolution
		HideSolutionNode = FALSE
	EndGlobalSection
	GlobalSection(ExtensibilityGlobals) = postSolution
		SolutionGuid = {CA12F062-E700-4D1D-AB39-6B0BC716565D}
	EndGlobalSection
EndGlobal
