Microsoft Visual Studio Solution File, Format Version 12.00
# Visual Studio Version 17
VisualStudioVersion = 17.5.2.0
MinimumVisualStudioVersion = 10.0.40219.1
Project("{FAE04EC0-301F-11D3-BF4B-00C04F79EFBC}") = "EsercizioAstrazione3", "EsercizioAstrazione3.csproj", "{21B99187-C6F8-A1C1-32F3-EC3E3FE38163}"
EndProject
Global
	GlobalSection(SolutionConfigurationPlatforms) = preSolution
		Debug|Any CPU = Debug|Any CPU
		Release|Any CPU = Release|Any CPU
	EndGlobalSection
	GlobalSection(ProjectConfigurationPlatforms) = postSolution
		{21B99187-C6F8-A1C1-32F3-EC3E3FE38163}.Debug|Any CPU.ActiveCfg = Debug|Any CPU
		{21B99187-C6F8-A1C1-32F3-EC3E3FE38163}.Debug|Any CPU.Build.0 = Debug|Any CPU
		{21B99187-C6F8-A1C1-32F3-EC3E3FE38163}.Release|Any CPU.ActiveCfg = Release|Any CPU
		{21B99187-C6F8-A1C1-32F3-EC3E3FE38163}.Release|Any CPU.Build.0 = Release|Any CPU
	EndGlobalSection
	GlobalSection(SolutionProperties) = preSolution
		HideSolutionNode = FALSE
	EndGlobalSection
	GlobalSection(ExtensibilityGlobals) = postSolution
		SolutionGuid = {16CA393F-7288-4138-AF80-988C3F3094C0}
	EndGlobalSection
EndGlobal
