Microsoft Visual Studio Solution File, Format Version 12.00
# Visual Studio Version 17
VisualStudioVersion = 17.5.2.0
MinimumVisualStudioVersion = 10.0.40219.1
Project("{FAE04EC0-301F-11D3-BF4B-00C04F79EFBC}") = "Two_Rules_Esercizio", "Two_Rules_Esercizio.csproj", "{8369A4DA-F7C1-F659-CE56-0F57DC4E8A0F}"
EndProject
Global
	GlobalSection(SolutionConfigurationPlatforms) = preSolution
		Debug|Any CPU = Debug|Any CPU
		Release|Any CPU = Release|Any CPU
	EndGlobalSection
	GlobalSection(ProjectConfigurationPlatforms) = postSolution
		{8369A4DA-F7C1-F659-CE56-0F57DC4E8A0F}.Debug|Any CPU.ActiveCfg = Debug|Any CPU
		{8369A4DA-F7C1-F659-CE56-0F57DC4E8A0F}.Debug|Any CPU.Build.0 = Debug|Any CPU
		{8369A4DA-F7C1-F659-CE56-0F57DC4E8A0F}.Release|Any CPU.ActiveCfg = Release|Any CPU
		{8369A4DA-F7C1-F659-CE56-0F57DC4E8A0F}.Release|Any CPU.Build.0 = Release|Any CPU
	EndGlobalSection
	GlobalSection(SolutionProperties) = preSolution
		HideSolutionNode = FALSE
	EndGlobalSection
	GlobalSection(ExtensibilityGlobals) = postSolution
		SolutionGuid = {B6B5DF03-44CB-4CC1-B565-054D06AAA599}
	EndGlobalSection
EndGlobal
