Microsoft Visual Studio Solution File, Format Version 12.00
# Visual Studio Version 17
VisualStudioVersion = 17.5.2.0
MinimumVisualStudioVersion = 10.0.40219.1
Project("{FAE04EC0-301F-11D3-BF4B-00C04F79EFBC}") = "ProvaDecorator", "ProvaDecorator.csproj", "{B202117B-CF03-D599-7ECE-122ADA4B76E7}"
EndProject
Global
	GlobalSection(SolutionConfigurationPlatforms) = preSolution
		Debug|Any CPU = Debug|Any CPU
		Release|Any CPU = Release|Any CPU
	EndGlobalSection
	GlobalSection(ProjectConfigurationPlatforms) = postSolution
		{B202117B-CF03-D599-7ECE-122ADA4B76E7}.Debug|Any CPU.ActiveCfg = Debug|Any CPU
		{B202117B-CF03-D599-7ECE-122ADA4B76E7}.Debug|Any CPU.Build.0 = Debug|Any CPU
		{B202117B-CF03-D599-7ECE-122ADA4B76E7}.Release|Any CPU.ActiveCfg = Release|Any CPU
		{B202117B-CF03-D599-7ECE-122ADA4B76E7}.Release|Any CPU.Build.0 = Release|Any CPU
	EndGlobalSection
	GlobalSection(SolutionProperties) = preSolution
		HideSolutionNode = FALSE
	EndGlobalSection
	GlobalSection(ExtensibilityGlobals) = postSolution
		SolutionGuid = {564A1E34-BECE-4187-AA94-620506065473}
	EndGlobalSection
EndGlobal
