Microsoft Visual Studio Solution File, Format Version 12.00
# Visual Studio Version 17
VisualStudioVersion = 17.5.2.0
MinimumVisualStudioVersion = 10.0.40219.1
Project("{FAE04EC0-301F-11D3-BF4B-00C04F79EFBC}") = "EsRecapFinale", "EsRecapFinale.csproj", "{F86E5431-AEC5-32EE-AB94-4C47E8F4B83A}"
EndProject
Global
	GlobalSection(SolutionConfigurationPlatforms) = preSolution
		Debug|Any CPU = Debug|Any CPU
		Release|Any CPU = Release|Any CPU
	EndGlobalSection
	GlobalSection(ProjectConfigurationPlatforms) = postSolution
		{F86E5431-AEC5-32EE-AB94-4C47E8F4B83A}.Debug|Any CPU.ActiveCfg = Debug|Any CPU
		{F86E5431-AEC5-32EE-AB94-4C47E8F4B83A}.Debug|Any CPU.Build.0 = Debug|Any CPU
		{F86E5431-AEC5-32EE-AB94-4C47E8F4B83A}.Release|Any CPU.ActiveCfg = Release|Any CPU
		{F86E5431-AEC5-32EE-AB94-4C47E8F4B83A}.Release|Any CPU.Build.0 = Release|Any CPU
	EndGlobalSection
	GlobalSection(SolutionProperties) = preSolution
		HideSolutionNode = FALSE
	EndGlobalSection
	GlobalSection(ExtensibilityGlobals) = postSolution
		SolutionGuid = {0B1ECB95-B99D-4CF7-A2F9-70749186047F}
	EndGlobalSection
EndGlobal
